// !$*UTF8*$!
{
	archiveVersion = 1;
	classes = {
	};
	objectVersion = 50;
	objects = {

/* Begin PBXBuildFile section */
		79841FCC20D3901F0027B57A /* GLUT.framework in Frameworks */ = {isa = PBXBuildFile; fileRef = 79841FCB20D3901F0027B57A /* GLUT.framework */; };
		79841FCE20D3902A0027B57A /* OpenGL.framework in Frameworks */ = {isa = PBXBuildFile; fileRef = 79841FCD20D3902A0027B57A /* OpenGL.framework */; };
		79841FDC20D390990027B57A /* ground.cpp in Sources */ = {isa = PBXBuildFile; fileRef = 79841FCF20D390990027B57A /* ground.cpp */; };
		79841FDD20D390990027B57A /* driver.cpp in Sources */ = {isa = PBXBuildFile; fileRef = 79841FD120D390990027B57A /* driver.cpp */; };
		79841FDE20D390990027B57A /* makefile in Sources */ = {isa = PBXBuildFile; fileRef = 79841FD220D390990027B57A /* makefile */; };
		79841FDF20D390990027B57A /* point.cpp in Sources */ = {isa = PBXBuildFile; fileRef = 79841FD520D390990027B57A /* point.cpp */; };
		79841FE020D390990027B57A /* uiInteract.cpp in Sources */ = {isa = PBXBuildFile; fileRef = 79841FD720D390990027B57A /* uiInteract.cpp */; };
		79841FE120D390990027B57A /* game.cpp in Sources */ = {isa = PBXBuildFile; fileRef = 79841FD920D390990027B57A /* game.cpp */; };
		79841FE220D390990027B57A /* uiDraw.cpp in Sources */ = {isa = PBXBuildFile; fileRef = 79841FDB20D390990027B57A /* uiDraw.cpp */; };
		79841FE520D3914E0027B57A /* lander.cpp in Sources */ = {isa = PBXBuildFile; fileRef = 79841FE320D3914E0027B57A /* lander.cpp */; };
		79841FE820D392620027B57A /* velocity.cpp in Sources */ = {isa = PBXBuildFile; fileRef = 79841FE620D392620027B57A /* velocity.cpp */; };
/* End PBXBuildFile section */

/* Begin PBXCopyFilesBuildPhase section */
		79841FBE20D3900B0027B57A /* CopyFiles */ = {
			isa = PBXCopyFilesBuildPhase;
			buildActionMask = 2147483647;
			dstPath = /usr/share/man/man1/;
			dstSubfolderSpec = 0;
			files = (
			);
			runOnlyForDeploymentPostprocessing = 1;
		};
/* End PBXCopyFilesBuildPhase section */

/* Begin PBXFileReference section */
		79841FC020D3900B0027B57A /* moon_lander */ = {isa = PBXFileReference; explicitFileType = "compiled.mach-o.executable"; includeInIndex = 0; path = moon_lander; sourceTree = BUILT_PRODUCTS_DIR; };
		79841FCB20D3901F0027B57A /* GLUT.framework */ = {isa = PBXFileReference; lastKnownFileType = wrapper.framework; name = GLUT.framework; path = System/Library/Frameworks/GLUT.framework; sourceTree = SDKROOT; };
		79841FCD20D3902A0027B57A /* OpenGL.framework */ = {isa = PBXFileReference; lastKnownFileType = wrapper.framework; name = OpenGL.framework; path = System/Library/Frameworks/OpenGL.framework; sourceTree = SDKROOT; };
		79841FCF20D390990027B57A /* ground.cpp */ = {isa = PBXFileReference; fileEncoding = 4; lastKnownFileType = sourcecode.cpp.cpp; path = ground.cpp; sourceTree = "<group>"; };
		79841FD120D390990027B57A /* driver.cpp */ = {isa = PBXFileReference; fileEncoding = 4; lastKnownFileType = sourcecode.cpp.cpp; path = driver.cpp; sourceTree = "<group>"; };
		79841FD220D390990027B57A /* makefile */ = {isa = PBXFileReference; fileEncoding = 4; lastKnownFileType = sourcecode.make; path = makefile; sourceTree = "<group>"; };
		79841FD320D390990027B57A /* uiDraw.h */ = {isa = PBXFileReference; fileEncoding = 4; lastKnownFileType = sourcecode.c.h; path = uiDraw.h; sourceTree = "<group>"; };
		79841FD420D390990027B57A /* game.h */ = {isa = PBXFileReference; fileEncoding = 4; lastKnownFileType = sourcecode.c.h; path = game.h; sourceTree = "<group>"; };
		79841FD520D390990027B57A /* point.cpp */ = {isa = PBXFileReference; fileEncoding = 4; lastKnownFileType = sourcecode.cpp.cpp; path = point.cpp; sourceTree = "<group>"; };
		79841FD620D390990027B57A /* uiInteract.h */ = {isa = PBXFileReference; fileEncoding = 4; lastKnownFileType = sourcecode.c.h; path = uiInteract.h; sourceTree = "<group>"; };
		79841FD720D390990027B57A /* uiInteract.cpp */ = {isa = PBXFileReference; fileEncoding = 4; lastKnownFileType = sourcecode.cpp.cpp; path = uiInteract.cpp; sourceTree = "<group>"; };
		79841FD820D390990027B57A /* point.h */ = {isa = PBXFileReference; fileEncoding = 4; lastKnownFileType = sourcecode.c.h; path = point.h; sourceTree = "<group>"; };
		79841FD920D390990027B57A /* game.cpp */ = {isa = PBXFileReference; fileEncoding = 4; lastKnownFileType = sourcecode.cpp.cpp; path = game.cpp; sourceTree = "<group>"; };
		79841FDA20D390990027B57A /* ground.h */ = {isa = PBXFileReference; fileEncoding = 4; lastKnownFileType = sourcecode.c.h; path = ground.h; sourceTree = "<group>"; };
		79841FDB20D390990027B57A /* uiDraw.cpp */ = {isa = PBXFileReference; fileEncoding = 4; lastKnownFileType = sourcecode.cpp.cpp; path = uiDraw.cpp; sourceTree = "<group>"; };
		79841FE320D3914E0027B57A /* lander.cpp */ = {isa = PBXFileReference; lastKnownFileType = sourcecode.cpp.cpp; path = lander.cpp; sourceTree = "<group>"; };
		79841FE420D3914E0027B57A /* lander.h */ = {isa = PBXFileReference; lastKnownFileType = sourcecode.c.h; path = lander.h; sourceTree = "<group>"; };
		79841FE620D392620027B57A /* velocity.cpp */ = {isa = PBXFileReference; lastKnownFileType = sourcecode.cpp.cpp; path = velocity.cpp; sourceTree = "<group>"; };
		79841FE720D392620027B57A /* velocity.h */ = {isa = PBXFileReference; lastKnownFileType = sourcecode.c.h; path = velocity.h; sourceTree = "<group>"; };
/* End PBXFileReference section */

/* Begin PBXFrameworksBuildPhase section */
		79841FBD20D3900B0027B57A /* Frameworks */ = {
			isa = PBXFrameworksBuildPhase;
			buildActionMask = 2147483647;
			files = (
				79841FCE20D3902A0027B57A /* OpenGL.framework in Frameworks */,
				79841FCC20D3901F0027B57A /* GLUT.framework in Frameworks */,
			);
			runOnlyForDeploymentPostprocessing = 0;
		};
/* End PBXFrameworksBuildPhase section */

/* Begin PBXGroup section */
		79841FB720D3900B0027B57A = {
			isa = PBXGroup;
			children = (
				79841FC220D3900B0027B57A /* moon_lander */,
				79841FC120D3900B0027B57A /* Products */,
				79841FCA20D3901F0027B57A /* Frameworks */,
			);
			sourceTree = "<group>";
		};
		79841FC120D3900B0027B57A /* Products */ = {
			isa = PBXGroup;
			children = (
				79841FC020D3900B0027B57A /* moon_lander */,
			);
			name = Products;
			sourceTree = "<group>";
		};
		79841FC220D3900B0027B57A /* moon_lander */ = {
			isa = PBXGroup;
			children = (
				79841FD120D390990027B57A /* driver.cpp */,
				79841FD920D390990027B57A /* game.cpp */,
				79841FD420D390990027B57A /* game.h */,
				79841FCF20D390990027B57A /* ground.cpp */,
				79841FDA20D390990027B57A /* ground.h */,
				79841FD220D390990027B57A /* makefile */,
				79841FD520D390990027B57A /* point.cpp */,
				79841FD820D390990027B57A /* point.h */,
				79841FDB20D390990027B57A /* uiDraw.cpp */,
				79841FD320D390990027B57A /* uiDraw.h */,
				79841FD720D390990027B57A /* uiInteract.cpp */,
				79841FD620D390990027B57A /* uiInteract.h */,
				79841FE320D3914E0027B57A /* lander.cpp */,
				79841FE420D3914E0027B57A /* lander.h */,
				79841FE620D392620027B57A /* velocity.cpp */,
				79841FE720D392620027B57A /* velocity.h */,
			);
			path = moon_lander;
			sourceTree = "<group>";
		};
		79841FCA20D3901F0027B57A /* Frameworks */ = {
			isa = PBXGroup;
			children = (
				79841FCD20D3902A0027B57A /* OpenGL.framework */,
				79841FCB20D3901F0027B57A /* GLUT.framework */,
			);
			name = Frameworks;
			sourceTree = "<group>";
		};
/* End PBXGroup section */

/* Begin PBXNativeTarget section */
		79841FBF20D3900B0027B57A /* moon_lander */ = {
			isa = PBXNativeTarget;
			buildConfigurationList = 79841FC720D3900B0027B57A /* Build configuration list for PBXNativeTarget "moon_lander" */;
			buildPhases = (
				79841FBC20D3900B0027B57A /* Sources */,
				79841FBD20D3900B0027B57A /* Frameworks */,
				79841FBE20D3900B0027B57A /* CopyFiles */,
			);
			buildRules = (
			);
			dependencies = (
			);
			name = moon_lander;
			productName = moon_lander;
			productReference = 79841FC020D3900B0027B57A /* moon_lander */;
			productType = "com.apple.product-type.tool";
		};
/* End PBXNativeTarget section */

/* Begin PBXProject section */
		79841FB820D3900B0027B57A /* Project object */ = {
			isa = PBXProject;
			attributes = {
				LastUpgradeCheck = 0940;
				ORGANIZATIONNAME = Wilson;
				TargetAttributes = {
					79841FBF20D3900B0027B57A = {
						CreatedOnToolsVersion = 9.4;
					};
				};
			};
			buildConfigurationList = 79841FBB20D3900B0027B57A /* Build configuration list for PBXProject "moon_lander" */;
			compatibilityVersion = "Xcode 9.3";
			developmentRegion = en;
			hasScannedForEncodings = 0;
			knownRegions = (
				en,
			);
			mainGroup = 79841FB720D3900B0027B57A;
			productRefGroup = 79841FC120D3900B0027B57A /* Products */;
			projectDirPath = "";
			projectRoot = "";
			targets = (
				79841FBF20D3900B0027B57A /* moon_lander */,
			);
		};
/* End PBXProject section */

/* Begin PBXSourcesBuildPhase section */
		79841FBC20D3900B0027B57A /* Sources */ = {
			isa = PBXSourcesBuildPhase;
			buildActionMask = 2147483647;
			files = (
				79841FE020D390990027B57A /* uiInteract.cpp in Sources */,
				79841FE520D3914E0027B57A /* lander.cpp in Sources */,
				79841FDF20D390990027B57A /* point.cpp in Sources */,
				79841FE220D390990027B57A /* uiDraw.cpp in Sources */,
				79841FDC20D390990027B57A /* ground.cpp in Sources */,
				79841FDD20D390990027B57A /* driver.cpp in Sources */,
				79841FDE20D390990027B57A /* makefile in Sources */,
				79841FE820D392620027B57A /* velocity.cpp in Sources */,
				79841FE120D390990027B57A /* game.cpp in Sources */,
			);
			runOnlyForDeploymentPostprocessing = 0;
		};
/* End PBXSourcesBuildPhase section */

/* Begin XCBuildConfiguration section */
		79841FC520D3900B0027B57A /* Debug */ = {
			isa = XCBuildConfiguration;
			buildSettings = {
				ALWAYS_SEARCH_USER_PATHS = NO;
				CLANG_ANALYZER_NONNULL = YES;
				CLANG_ANALYZER_NUMBER_OBJECT_CONVERSION = YES_AGGRESSIVE;
				CLANG_CXX_LANGUAGE_STANDARD = "gnu++14";
				CLANG_CXX_LIBRARY = "libc++";
				CLANG_ENABLE_MODULES = YES;
				CLANG_ENABLE_OBJC_ARC = YES;
				CLANG_ENABLE_OBJC_WEAK = YES;
				CLANG_WARN_BLOCK_CAPTURE_AUTORELEASING = YES;
				CLANG_WARN_BOOL_CONVERSION = YES;
				CLANG_WARN_COMMA = YES;
				CLANG_WARN_CONSTANT_CONVERSION = YES;
				CLANG_WARN_DEPRECATED_OBJC_IMPLEMENTATIONS = YES;
				CLANG_WARN_DIRECT_OBJC_ISA_USAGE = YES_ERROR;
				CLANG_WARN_DOCUMENTATION_COMMENTS = YES;
				CLANG_WARN_EMPTY_BODY = YES;
				CLANG_WARN_ENUM_CONVERSION = YES;
				CLANG_WARN_INFINITE_RECURSION = YES;
				CLANG_WARN_INT_CONVERSION = YES;
				CLANG_WARN_NON_LITERAL_NULL_CONVERSION = YES;
				CLANG_WARN_OBJC_IMPLICIT_RETAIN_SELF = YES;
				CLANG_WARN_OBJC_LITERAL_CONVERSION = YES;
				CLANG_WARN_OBJC_ROOT_CLASS = YES_ERROR;
				CLANG_WARN_RANGE_LOOP_ANALYSIS = YES;
				CLANG_WARN_STRICT_PROTOTYPES = YES;
				CLANG_WARN_SUSPICIOUS_MOVE = YES;
				CLANG_WARN_UNGUARDED_AVAILABILITY = YES_AGGRESSIVE;
				CLANG_WARN_UNREACHABLE_CODE = YES;
				CLANG_WARN__DUPLICATE_METHOD_MATCH = YES;
				CODE_SIGN_IDENTITY = "-";
				COPY_PHASE_STRIP = NO;
				DEBUG_INFORMATION_FORMAT = dwarf;
				ENABLE_STRICT_OBJC_MSGSEND = YES;
				ENABLE_TESTABILITY = YES;
				GCC_C_LANGUAGE_STANDARD = gnu11;
				GCC_DYNAMIC_NO_PIC = NO;
				GCC_NO_COMMON_BLOCKS = YES;
				GCC_OPTIMIZATION_LEVEL = 0;
				GCC_PREPROCESSOR_DEFINITIONS = (
					"DEBUG=1",
					"$(inherited)",
				);
				GCC_WARN_64_TO_32_BIT_CONVERSION = YES;
				GCC_WARN_ABOUT_RETURN_TYPE = YES_ERROR;
				GCC_WARN_UNDECLARED_SELECTOR = YES;
				GCC_WARN_UNINITIALIZED_AUTOS = YES_AGGRESSIVE;
				GCC_WARN_UNUSED_FUNCTION = YES;
				GCC_WARN_UNUSED_VARIABLE = YES;
				MACOSX_DEPLOYMENT_TARGET = 10.13;
				MTL_ENABLE_DEBUG_INFO = YES;
				ONLY_ACTIVE_ARCH = YES;
				SDKROOT = macosx;
			};
			name = Debug;
		};
		79841FC620D3900B0027B57A /* Release */ = {
			isa = XCBuildConfiguration;
			buildSettings = {
				ALWAYS_SEARCH_USER_PATHS = NO;
				CLANG_ANALYZER_NONNULL = YES;
				CLANG_ANALYZER_NUMBER_OBJECT_CONVERSION = YES_AGGRESSIVE;
				CLANG_CXX_LANGUAGE_STANDARD = "gnu++14";
				CLANG_CXX_LIBRARY = "libc++";
				CLANG_ENABLE_MODULES = YES;
				CLANG_ENABLE_OBJC_ARC = YES;
				CLANG_ENABLE_OBJC_WEAK = YES;
				CLANG_WARN_BLOCK_CAPTURE_AUTORELEASING = YES;
				CLANG_WARN_BOOL_CONVERSION = YES;
				CLANG_WARN_COMMA = YES;
				CLANG_WARN_CONSTANT_CONVERSION = YES;
				CLANG_WARN_DEPRECATED_OBJC_IMPLEMENTATIONS = YES;
				CLANG_WARN_DIRECT_OBJC_ISA_USAGE = YES_ERROR;
				CLANG_WARN_DOCUMENTATION_COMMENTS = YES;
				CLANG_WARN_EMPTY_BODY = YES;
				CLANG_WARN_ENUM_CONVERSION = YES;
				CLANG_WARN_INFINITE_RECURSION = YES;
				CLANG_WARN_INT_CONVERSION = YES;
				CLANG_WARN_NON_LITERAL_NULL_CONVERSION = YES;
				CLANG_WARN_OBJC_IMPLICIT_RETAIN_SELF = YES;
				CLANG_WARN_OBJC_LITERAL_CONVERSION = YES;
				CLANG_WARN_OBJC_ROOT_CLASS = YES_ERROR;
				CLANG_WARN_RANGE_LOOP_ANALYSIS = YES;
				CLANG_WARN_STRICT_PROTOTYPES = YES;
				CLANG_WARN_SUSPICIOUS_MOVE = YES;
				CLANG_WARN_UNGUARDED_AVAILABILITY = YES_AGGRESSIVE;
				CLANG_WARN_UNREACHABLE_CODE = YES;
				CLANG_WARN__DUPLICATE_METHOD_MATCH = YES;
				CODE_SIGN_IDENTITY = "-";
				COPY_PHASE_STRIP = NO;
				DEBUG_INFORMATION_FORMAT = "dwarf-with-dsym";
				ENABLE_NS_ASSERTIONS = NO;
				ENABLE_STRICT_OBJC_MSGSEND = YES;
				GCC_C_LANGUAGE_STANDARD = gnu11;
				GCC_NO_COMMON_BLOCKS = YES;
				GCC_WARN_64_TO_32_BIT_CONVERSION = YES;
				GCC_WARN_ABOUT_RETURN_TYPE = YES_ERROR;
				GCC_WARN_UNDECLARED_SELECTOR = YES;
				GCC_WARN_UNINITIALIZED_AUTOS = YES_AGGRESSIVE;
				GCC_WARN_UNUSED_FUNCTION = YES;
				GCC_WARN_UNUSED_VARIABLE = YES;
				MACOSX_DEPLOYMENT_TARGET = 10.13;
				MTL_ENABLE_DEBUG_INFO = NO;
				SDKROOT = macosx;
			};
			name = Release;
		};
		79841FC820D3900B0027B57A /* Debug */ = {
			isa = XCBuildConfiguration;
			buildSettings = {
				CODE_SIGN_STYLE = Automatic;
				PRODUCT_NAME = "$(TARGET_NAME)";
			};
			name = Debug;
		};
		79841FC920D3900B0027B57A /* Release */ = {
			isa = XCBuildConfiguration;
			buildSettings = {
				CODE_SIGN_STYLE = Automatic;
				PRODUCT_NAME = "$(TARGET_NAME)";
			};
			name = Release;
		};
/* End XCBuildConfiguration section */

/* Begin XCConfigurationList section */
		79841FBB20D3900B0027B57A /* Build configuration list for PBXProject "moon_lander" */ = {
			isa = XCConfigurationList;
			buildConfigurations = (
				79841FC520D3900B0027B57A /* Debug */,
				79841FC620D3900B0027B57A /* Release */,
			);
			defaultConfigurationIsVisible = 0;
			defaultConfigurationName = Release;
		};
		79841FC720D3900B0027B57A /* Build configuration list for PBXNativeTarget "moon_lander" */ = {
			isa = XCConfigurationList;
			buildConfigurations = (
				79841FC820D3900B0027B57A /* Debug */,
				79841FC920D3900B0027B57A /* Release */,
			);
			defaultConfigurationIsVisible = 0;
			defaultConfigurationName = Release;
		};
/* End XCConfigurationList section */
	};
	rootObject = 79841FB820D3900B0027B57A /* Project object */;
}
